
Microsoft Visual Studio Solution File, Format Version 12.00
# Visual Studio Version 17
VisualStudioVersion = 17.9.34616.47
MinimumVisualStudioVersion = 10.0.40219.1
Project("{8BC9CEB8-8B4A-11D0-8D11-00A0C91BC942}") = "Lesson1", "Lesson1\Lesson1.vcxproj", "{EBEA5780-5F05-4F2A-BC6D-261115340023}"
EndProject
Project("{8BC9CEB8-8B4A-11D0-8D11-00A0C91BC942}") = "Ex1", "Ex1\Ex1.vcxproj", "{6E222EB9-89CC-46AE-9B10-B72355984119}"
EndProject
Project("{8BC9CEB8-8B4A-11D0-8D11-00A0C91BC942}") = "Lesson2", "Lesson2\Lesson2.vcxproj", "{93C3D5E2-C238-46DD-BE8A-7F8938ACADD8}"
EndProject
Project("{8BC9CEB8-8B4A-11D0-8D11-00A0C91BC942}") = "Ex2", "Ex2\Ex2.vcxproj", "{32548485-125A-4066-9870-3CAC958A46AB}"
EndProject
Project("{8BC9CEB8-8B4A-11D0-8D11-00A0C91BC942}") = "Lesson3", "Lesson3\Lesson3.vcxproj", "{C2DB41D2-FBF6-48AE-B34D-C6880E5FBA3F}"
EndProject
Project("{8BC9CEB8-8B4A-11D0-8D11-00A0C91BC942}") = "Ex3", "Ex3\Ex3.vcxproj", "{C8E93841-7558-45D6-BA6A-34D1E1AA6B48}"
EndProject
Project("{8BC9CEB8-8B4A-11D0-8D11-00A0C91BC942}") = "Lesson4", "Lesson4\Lesson4.vcxproj", "{4E667FEF-B687-4A6C-942F-46B5D5CF1FEC}"
EndProject
Project("{8BC9CEB8-8B4A-11D0-8D11-00A0C91BC942}") = "Ex4", "Ex4\Ex4.vcxproj", "{5CFD3262-5694-48B4-B951-E266F27229C1}"
EndProject
Project("{8BC9CEB8-8B4A-11D0-8D11-00A0C91BC942}") = "Lesson5", "Lesson5\Lesson5.vcxproj", "{D51733E7-EDFF-48AA-9E31-220BEAF50520}"
EndProject
Project("{8BC9CEB8-8B4A-11D0-8D11-00A0C91BC942}") = "Lesson6", "Lesson6\Lesson6.vcxproj", "{D61DE7DB-6CB5-4099-820A-4C45A1ED2720}"
EndProject
Project("{8BC9CEB8-8B4A-11D0-8D11-00A0C91BC942}") = "Ex6", "Ex6\Ex6.vcxproj", "{114F331B-1929-4D9D-9CBA-D12E17DC8E21}"
EndProject
Project("{8BC9CEB8-8B4A-11D0-8D11-00A0C91BC942}") = "Ex7_2", "Ex7_2\Ex7_2.vcxproj", "{DD6D145C-E0E0-4E33-ABFA-2E256671506F}"
EndProject
Project("{8BC9CEB8-8B4A-11D0-8D11-00A0C91BC942}") = "Ex7_1", "Ex7_1\Ex7_1.vcxproj", "{A6E5B1E9-ECDC-4876-95E0-6A1E25B5AFEA}"
EndProject
Project("{8BC9CEB8-8B4A-11D0-8D11-00A0C91BC942}") = "Lesson7_2", "Lesson7_2\Lesson7_2.vcxproj", "{2F6D1CDA-7815-410D-BCD2-B6CE94919A51}"
EndProject
Project("{8BC9CEB8-8B4A-11D0-8D11-00A0C91BC942}") = "Lesson7_1", "Lesson7_1\Lesson7_1.vcxproj", "{0C6F4DEF-71BF-4441-AC31-E9591880C492}"
EndProject
Project("{8BC9CEB8-8B4A-11D0-8D11-00A0C91BC942}") = "Lesson8_1", "Lesson8_1\Lesson8_1.vcxproj", "{A173A88A-4699-4F13-9B25-C9903412DACE}"
EndProject
Project("{8BC9CEB8-8B4A-11D0-8D11-00A0C91BC942}") = "Lesson8_2", "Lesson8_2\Lesson8_2.vcxproj", "{9344E82E-7F5B-40A6-8FC0-4344FE144BE7}"
EndProject
Project("{8BC9CEB8-8B4A-11D0-8D11-00A0C91BC942}") = "Lesson8_3", "Lesson8_3\Lesson8_3.vcxproj", "{B8DE4803-AE87-4768-BEB3-1722722ACD69}"
EndProject
Project("{8BC9CEB8-8B4A-11D0-8D11-00A0C91BC942}") = "Lesson8_4", "Lesson8_4\Lesson8_4.vcxproj", "{8883E849-3926-4A8D-A770-A571BB3EDFB3}"
EndProject
Project("{8BC9CEB8-8B4A-11D0-8D11-00A0C91BC942}") = "Lesson8_5", "Lesson8_5\Lesson8_5.vcxproj", "{2687DB73-6ED5-4217-92E9-EE812F11BAB7}"
EndProject
Project("{8BC9CEB8-8B4A-11D0-8D11-00A0C91BC942}") = "Ex8_2", "Ex8_2\Ex8_2.vcxproj", "{19A98B27-89E9-46C7-83F9-0EE26C50A660}"
EndProject
Project("{8BC9CEB8-8B4A-11D0-8D11-00A0C91BC942}") = "Ex8_1", "Ex8_1\Ex8_1.vcxproj", "{2C40369C-3950-4FAB-B5EE-74E1B12FAAB8}"
EndProject
Project("{8BC9CEB8-8B4A-11D0-8D11-00A0C91BC942}") = "Lesson9_1", "Lesson9_1\Lesson9_1.vcxproj", "{8ABBFF04-7D95-4593-A8A3-9E923363316B}"
EndProject
Project("{8BC9CEB8-8B4A-11D0-8D11-00A0C91BC942}") = "Lesson9_2", "Lesson9_2\Lesson9_2.vcxproj", "{235BFC77-61A5-4F02-BB25-1BA7AEE92F70}"
EndProject
Project("{8BC9CEB8-8B4A-11D0-8D11-00A0C91BC942}") = "Lesson9_3", "Lesson9_3\Lesson9_3.vcxproj", "{D2714278-80F1-4AC3-AEC5-5BBFA22E5AA3}"
EndProject
Project("{8BC9CEB8-8B4A-11D0-8D11-00A0C91BC942}") = "Ex8_3", "Ex8_3\Ex8_3.vcxproj", "{C3AEA2B1-6634-4840-BCDD-125872152488}"
EndProject
Global
	GlobalSection(SolutionConfigurationPlatforms) = preSolution
		Debug|Any CPU = Debug|Any CPU
		Debug|x64 = Debug|x64
		Debug|x86 = Debug|x86
		Release|Any CPU = Release|Any CPU
		Release|x64 = Release|x64
		Release|x86 = Release|x86
	EndGlobalSection
	GlobalSection(ProjectConfigurationPlatforms) = postSolution
		{EBEA5780-5F05-4F2A-BC6D-261115340023}.Debug|Any CPU.ActiveCfg = Debug|x64
		{EBEA5780-5F05-4F2A-BC6D-261115340023}.Debug|Any CPU.Build.0 = Debug|x64
		{EBEA5780-5F05-4F2A-BC6D-261115340023}.Debug|x64.ActiveCfg = Debug|x64
		{EBEA5780-5F05-4F2A-BC6D-261115340023}.Debug|x64.Build.0 = Debug|x64
		{EBEA5780-5F05-4F2A-BC6D-261115340023}.Debug|x86.ActiveCfg = Debug|Win32
		{EBEA5780-5F05-4F2A-BC6D-261115340023}.Debug|x86.Build.0 = Debug|Win32
		{EBEA5780-5F05-4F2A-BC6D-261115340023}.Release|Any CPU.ActiveCfg = Release|x64
		{EBEA5780-5F05-4F2A-BC6D-261115340023}.Release|Any CPU.Build.0 = Release|x64
		{EBEA5780-5F05-4F2A-BC6D-261115340023}.Release|x64.ActiveCfg = Release|x64
		{EBEA5780-5F05-4F2A-BC6D-261115340023}.Release|x64.Build.0 = Release|x64
		{EBEA5780-5F05-4F2A-BC6D-261115340023}.Release|x86.ActiveCfg = Release|Win32
		{EBEA5780-5F05-4F2A-BC6D-261115340023}.Release|x86.Build.0 = Release|Win32
		{6E222EB9-89CC-46AE-9B10-B72355984119}.Debug|Any CPU.ActiveCfg = Debug|x64
		{6E222EB9-89CC-46AE-9B10-B72355984119}.Debug|Any CPU.Build.0 = Debug|x64
		{6E222EB9-89CC-46AE-9B10-B72355984119}.Debug|x64.ActiveCfg = Debug|x64
		{6E222EB9-89CC-46AE-9B10-B72355984119}.Debug|x64.Build.0 = Debug|x64
		{6E222EB9-89CC-46AE-9B10-B72355984119}.Debug|x86.ActiveCfg = Debug|Win32
		{6E222EB9-89CC-46AE-9B10-B72355984119}.Debug|x86.Build.0 = Debug|Win32
		{6E222EB9-89CC-46AE-9B10-B72355984119}.Release|Any CPU.ActiveCfg = Release|x64
		{6E222EB9-89CC-46AE-9B10-B72355984119}.Release|Any CPU.Build.0 = Release|x64
		{6E222EB9-89CC-46AE-9B10-B72355984119}.Release|x64.ActiveCfg = Release|x64
		{6E222EB9-89CC-46AE-9B10-B72355984119}.Release|x64.Build.0 = Release|x64
		{6E222EB9-89CC-46AE-9B10-B72355984119}.Release|x86.ActiveCfg = Release|Win32
		{6E222EB9-89CC-46AE-9B10-B72355984119}.Release|x86.Build.0 = Release|Win32
		{93C3D5E2-C238-46DD-BE8A-7F8938ACADD8}.Debug|Any CPU.ActiveCfg = Debug|x64
		{93C3D5E2-C238-46DD-BE8A-7F8938ACADD8}.Debug|Any CPU.Build.0 = Debug|x64
		{93C3D5E2-C238-46DD-BE8A-7F8938ACADD8}.Debug|x64.ActiveCfg = Debug|x64
		{93C3D5E2-C238-46DD-BE8A-7F8938ACADD8}.Debug|x64.Build.0 = Debug|x64
		{93C3D5E2-C238-46DD-BE8A-7F8938ACADD8}.Debug|x86.ActiveCfg = Debug|Win32
		{93C3D5E2-C238-46DD-BE8A-7F8938ACADD8}.Debug|x86.Build.0 = Debug|Win32
		{93C3D5E2-C238-46DD-BE8A-7F8938ACADD8}.Release|Any CPU.ActiveCfg = Release|x64
		{93C3D5E2-C238-46DD-BE8A-7F8938ACADD8}.Release|Any CPU.Build.0 = Release|x64
		{93C3D5E2-C238-46DD-BE8A-7F8938ACADD8}.Release|x64.ActiveCfg = Release|x64
		{93C3D5E2-C238-46DD-BE8A-7F8938ACADD8}.Release|x64.Build.0 = Release|x64
		{93C3D5E2-C238-46DD-BE8A-7F8938ACADD8}.Release|x86.ActiveCfg = Release|Win32
		{93C3D5E2-C238-46DD-BE8A-7F8938ACADD8}.Release|x86.Build.0 = Release|Win32
		{32548485-125A-4066-9870-3CAC958A46AB}.Debug|Any CPU.ActiveCfg = Debug|x64
		{32548485-125A-4066-9870-3CAC958A46AB}.Debug|Any CPU.Build.0 = Debug|x64
		{32548485-125A-4066-9870-3CAC958A46AB}.Debug|x64.ActiveCfg = Debug|x64
		{32548485-125A-4066-9870-3CAC958A46AB}.Debug|x64.Build.0 = Debug|x64
		{32548485-125A-4066-9870-3CAC958A46AB}.Debug|x86.ActiveCfg = Debug|Win32
		{32548485-125A-4066-9870-3CAC958A46AB}.Debug|x86.Build.0 = Debug|Win32
		{32548485-125A-4066-9870-3CAC958A46AB}.Release|Any CPU.ActiveCfg = Release|x64
		{32548485-125A-4066-9870-3CAC958A46AB}.Release|Any CPU.Build.0 = Release|x64
		{32548485-125A-4066-9870-3CAC958A46AB}.Release|x64.ActiveCfg = Release|x64
		{32548485-125A-4066-9870-3CAC958A46AB}.Release|x64.Build.0 = Release|x64
		{32548485-125A-4066-9870-3CAC958A46AB}.Release|x86.ActiveCfg = Release|Win32
		{32548485-125A-4066-9870-3CAC958A46AB}.Release|x86.Build.0 = Release|Win32
		{C2DB41D2-FBF6-48AE-B34D-C6880E5FBA3F}.Debug|Any CPU.ActiveCfg = Debug|x64
		{C2DB41D2-FBF6-48AE-B34D-C6880E5FBA3F}.Debug|Any CPU.Build.0 = Debug|x64
		{C2DB41D2-FBF6-48AE-B34D-C6880E5FBA3F}.Debug|x64.ActiveCfg = Debug|x64
		{C2DB41D2-FBF6-48AE-B34D-C6880E5FBA3F}.Debug|x64.Build.0 = Debug|x64
		{C2DB41D2-FBF6-48AE-B34D-C6880E5FBA3F}.Debug|x86.ActiveCfg = Debug|Win32
		{C2DB41D2-FBF6-48AE-B34D-C6880E5FBA3F}.Debug|x86.Build.0 = Debug|Win32
		{C2DB41D2-FBF6-48AE-B34D-C6880E5FBA3F}.Release|Any CPU.ActiveCfg = Release|x64
		{C2DB41D2-FBF6-48AE-B34D-C6880E5FBA3F}.Release|Any CPU.Build.0 = Release|x64
		{C2DB41D2-FBF6-48AE-B34D-C6880E5FBA3F}.Release|x64.ActiveCfg = Release|x64
		{C2DB41D2-FBF6-48AE-B34D-C6880E5FBA3F}.Release|x64.Build.0 = Release|x64
		{C2DB41D2-FBF6-48AE-B34D-C6880E5FBA3F}.Release|x86.ActiveCfg = Release|Win32
		{C2DB41D2-FBF6-48AE-B34D-C6880E5FBA3F}.Release|x86.Build.0 = Release|Win32
		{C8E93841-7558-45D6-BA6A-34D1E1AA6B48}.Debug|Any CPU.ActiveCfg = Debug|x64
		{C8E93841-7558-45D6-BA6A-34D1E1AA6B48}.Debug|Any CPU.Build.0 = Debug|x64
		{C8E93841-7558-45D6-BA6A-34D1E1AA6B48}.Debug|x64.ActiveCfg = Debug|x64
		{C8E93841-7558-45D6-BA6A-34D1E1AA6B48}.Debug|x64.Build.0 = Debug|x64
		{C8E93841-7558-45D6-BA6A-34D1E1AA6B48}.Debug|x86.ActiveCfg = Debug|Win32
		{C8E93841-7558-45D6-BA6A-34D1E1AA6B48}.Debug|x86.Build.0 = Debug|Win32
		{C8E93841-7558-45D6-BA6A-34D1E1AA6B48}.Release|Any CPU.ActiveCfg = Release|x64
		{C8E93841-7558-45D6-BA6A-34D1E1AA6B48}.Release|Any CPU.Build.0 = Release|x64
		{C8E93841-7558-45D6-BA6A-34D1E1AA6B48}.Release|x64.ActiveCfg = Release|x64
		{C8E93841-7558-45D6-BA6A-34D1E1AA6B48}.Release|x64.Build.0 = Release|x64
		{C8E93841-7558-45D6-BA6A-34D1E1AA6B48}.Release|x86.ActiveCfg = Release|Win32
		{C8E93841-7558-45D6-BA6A-34D1E1AA6B48}.Release|x86.Build.0 = Release|Win32
		{4E667FEF-B687-4A6C-942F-46B5D5CF1FEC}.Debug|Any CPU.ActiveCfg = Debug|x64
		{4E667FEF-B687-4A6C-942F-46B5D5CF1FEC}.Debug|Any CPU.Build.0 = Debug|x64
		{4E667FEF-B687-4A6C-942F-46B5D5CF1FEC}.Debug|x64.ActiveCfg = Debug|x64
		{4E667FEF-B687-4A6C-942F-46B5D5CF1FEC}.Debug|x64.Build.0 = Debug|x64
		{4E667FEF-B687-4A6C-942F-46B5D5CF1FEC}.Debug|x86.ActiveCfg = Debug|Win32
		{4E667FEF-B687-4A6C-942F-46B5D5CF1FEC}.Debug|x86.Build.0 = Debug|Win32
		{4E667FEF-B687-4A6C-942F-46B5D5CF1FEC}.Release|Any CPU.ActiveCfg = Release|x64
		{4E667FEF-B687-4A6C-942F-46B5D5CF1FEC}.Release|Any CPU.Build.0 = Release|x64
		{4E667FEF-B687-4A6C-942F-46B5D5CF1FEC}.Release|x64.ActiveCfg = Release|x64
		{4E667FEF-B687-4A6C-942F-46B5D5CF1FEC}.Release|x64.Build.0 = Release|x64
		{4E667FEF-B687-4A6C-942F-46B5D5CF1FEC}.Release|x86.ActiveCfg = Release|Win32
		{4E667FEF-B687-4A6C-942F-46B5D5CF1FEC}.Release|x86.Build.0 = Release|Win32
		{5CFD3262-5694-48B4-B951-E266F27229C1}.Debug|Any CPU.ActiveCfg = Debug|x64
		{5CFD3262-5694-48B4-B951-E266F27229C1}.Debug|Any CPU.Build.0 = Debug|x64
		{5CFD3262-5694-48B4-B951-E266F27229C1}.Debug|x64.ActiveCfg = Debug|x64
		{5CFD3262-5694-48B4-B951-E266F27229C1}.Debug|x64.Build.0 = Debug|x64
		{5CFD3262-5694-48B4-B951-E266F27229C1}.Debug|x86.ActiveCfg = Debug|Win32
		{5CFD3262-5694-48B4-B951-E266F27229C1}.Debug|x86.Build.0 = Debug|Win32
		{5CFD3262-5694-48B4-B951-E266F27229C1}.Release|Any CPU.ActiveCfg = Release|x64
		{5CFD3262-5694-48B4-B951-E266F27229C1}.Release|Any CPU.Build.0 = Release|x64
		{5CFD3262-5694-48B4-B951-E266F27229C1}.Release|x64.ActiveCfg = Release|x64
		{5CFD3262-5694-48B4-B951-E266F27229C1}.Release|x64.Build.0 = Release|x64
		{5CFD3262-5694-48B4-B951-E266F27229C1}.Release|x86.ActiveCfg = Release|Win32
		{5CFD3262-5694-48B4-B951-E266F27229C1}.Release|x86.Build.0 = Release|Win32
		{D51733E7-EDFF-48AA-9E31-220BEAF50520}.Debug|Any CPU.ActiveCfg = Debug|x64
		{D51733E7-EDFF-48AA-9E31-220BEAF50520}.Debug|Any CPU.Build.0 = Debug|x64
		{D51733E7-EDFF-48AA-9E31-220BEAF50520}.Debug|x64.ActiveCfg = Debug|x64
		{D51733E7-EDFF-48AA-9E31-220BEAF50520}.Debug|x64.Build.0 = Debug|x64
		{D51733E7-EDFF-48AA-9E31-220BEAF50520}.Debug|x86.ActiveCfg = Debug|Win32
		{D51733E7-EDFF-48AA-9E31-220BEAF50520}.Debug|x86.Build.0 = Debug|Win32
		{D51733E7-EDFF-48AA-9E31-220BEAF50520}.Release|Any CPU.ActiveCfg = Release|x64
		{D51733E7-EDFF-48AA-9E31-220BEAF50520}.Release|Any CPU.Build.0 = Release|x64
		{D51733E7-EDFF-48AA-9E31-220BEAF50520}.Release|x64.ActiveCfg = Release|x64
		{D51733E7-EDFF-48AA-9E31-220BEAF50520}.Release|x64.Build.0 = Release|x64
		{D51733E7-EDFF-48AA-9E31-220BEAF50520}.Release|x86.ActiveCfg = Release|Win32
		{D51733E7-EDFF-48AA-9E31-220BEAF50520}.Release|x86.Build.0 = Release|Win32
		{D61DE7DB-6CB5-4099-820A-4C45A1ED2720}.Debug|Any CPU.ActiveCfg = Debug|x64
		{D61DE7DB-6CB5-4099-820A-4C45A1ED2720}.Debug|Any CPU.Build.0 = Debug|x64
		{D61DE7DB-6CB5-4099-820A-4C45A1ED2720}.Debug|x64.ActiveCfg = Debug|x64
		{D61DE7DB-6CB5-4099-820A-4C45A1ED2720}.Debug|x64.Build.0 = Debug|x64
		{D61DE7DB-6CB5-4099-820A-4C45A1ED2720}.Debug|x86.ActiveCfg = Debug|Win32
		{D61DE7DB-6CB5-4099-820A-4C45A1ED2720}.Debug|x86.Build.0 = Debug|Win32
		{D61DE7DB-6CB5-4099-820A-4C45A1ED2720}.Release|Any CPU.ActiveCfg = Release|x64
		{D61DE7DB-6CB5-4099-820A-4C45A1ED2720}.Release|Any CPU.Build.0 = Release|x64
		{D61DE7DB-6CB5-4099-820A-4C45A1ED2720}.Release|x64.ActiveCfg = Release|x64
		{D61DE7DB-6CB5-4099-820A-4C45A1ED2720}.Release|x64.Build.0 = Release|x64
		{D61DE7DB-6CB5-4099-820A-4C45A1ED2720}.Release|x86.ActiveCfg = Release|Win32
		{D61DE7DB-6CB5-4099-820A-4C45A1ED2720}.Release|x86.Build.0 = Release|Win32
		{114F331B-1929-4D9D-9CBA-D12E17DC8E21}.Debug|Any CPU.ActiveCfg = Debug|x64
		{114F331B-1929-4D9D-9CBA-D12E17DC8E21}.Debug|Any CPU.Build.0 = Debug|x64
		{114F331B-1929-4D9D-9CBA-D12E17DC8E21}.Debug|x64.ActiveCfg = Debug|x64
		{114F331B-1929-4D9D-9CBA-D12E17DC8E21}.Debug|x64.Build.0 = Debug|x64
		{114F331B-1929-4D9D-9CBA-D12E17DC8E21}.Debug|x86.ActiveCfg = Debug|Win32
		{114F331B-1929-4D9D-9CBA-D12E17DC8E21}.Debug|x86.Build.0 = Debug|Win32
		{114F331B-1929-4D9D-9CBA-D12E17DC8E21}.Release|Any CPU.ActiveCfg = Release|x64
		{114F331B-1929-4D9D-9CBA-D12E17DC8E21}.Release|Any CPU.Build.0 = Release|x64
		{114F331B-1929-4D9D-9CBA-D12E17DC8E21}.Release|x64.ActiveCfg = Release|x64
		{114F331B-1929-4D9D-9CBA-D12E17DC8E21}.Release|x64.Build.0 = Release|x64
		{114F331B-1929-4D9D-9CBA-D12E17DC8E21}.Release|x86.ActiveCfg = Release|Win32
		{114F331B-1929-4D9D-9CBA-D12E17DC8E21}.Release|x86.Build.0 = Release|Win32
		{DD6D145C-E0E0-4E33-ABFA-2E256671506F}.Debug|Any CPU.ActiveCfg = Debug|x64
		{DD6D145C-E0E0-4E33-ABFA-2E256671506F}.Debug|Any CPU.Build.0 = Debug|x64
		{DD6D145C-E0E0-4E33-ABFA-2E256671506F}.Debug|x64.ActiveCfg = Debug|x64
		{DD6D145C-E0E0-4E33-ABFA-2E256671506F}.Debug|x64.Build.0 = Debug|x64
		{DD6D145C-E0E0-4E33-ABFA-2E256671506F}.Debug|x86.ActiveCfg = Debug|Win32
		{DD6D145C-E0E0-4E33-ABFA-2E256671506F}.Debug|x86.Build.0 = Debug|Win32
		{DD6D145C-E0E0-4E33-ABFA-2E256671506F}.Release|Any CPU.ActiveCfg = Release|x64
		{DD6D145C-E0E0-4E33-ABFA-2E256671506F}.Release|Any CPU.Build.0 = Release|x64
		{DD6D145C-E0E0-4E33-ABFA-2E256671506F}.Release|x64.ActiveCfg = Release|x64
		{DD6D145C-E0E0-4E33-ABFA-2E256671506F}.Release|x64.Build.0 = Release|x64
		{DD6D145C-E0E0-4E33-ABFA-2E256671506F}.Release|x86.ActiveCfg = Release|Win32
		{DD6D145C-E0E0-4E33-ABFA-2E256671506F}.Release|x86.Build.0 = Release|Win32
		{A6E5B1E9-ECDC-4876-95E0-6A1E25B5AFEA}.Debug|Any CPU.ActiveCfg = Debug|x64
		{A6E5B1E9-ECDC-4876-95E0-6A1E25B5AFEA}.Debug|Any CPU.Build.0 = Debug|x64
		{A6E5B1E9-ECDC-4876-95E0-6A1E25B5AFEA}.Debug|x64.ActiveCfg = Debug|x64
		{A6E5B1E9-ECDC-4876-95E0-6A1E25B5AFEA}.Debug|x64.Build.0 = Debug|x64
		{A6E5B1E9-ECDC-4876-95E0-6A1E25B5AFEA}.Debug|x86.ActiveCfg = Debug|Win32
		{A6E5B1E9-ECDC-4876-95E0-6A1E25B5AFEA}.Debug|x86.Build.0 = Debug|Win32
		{A6E5B1E9-ECDC-4876-95E0-6A1E25B5AFEA}.Release|Any CPU.ActiveCfg = Release|x64
		{A6E5B1E9-ECDC-4876-95E0-6A1E25B5AFEA}.Release|Any CPU.Build.0 = Release|x64
		{A6E5B1E9-ECDC-4876-95E0-6A1E25B5AFEA}.Release|x64.ActiveCfg = Release|x64
		{A6E5B1E9-ECDC-4876-95E0-6A1E25B5AFEA}.Release|x64.Build.0 = Release|x64
		{A6E5B1E9-ECDC-4876-95E0-6A1E25B5AFEA}.Release|x86.ActiveCfg = Release|Win32
		{A6E5B1E9-ECDC-4876-95E0-6A1E25B5AFEA}.Release|x86.Build.0 = Release|Win32
		{2F6D1CDA-7815-410D-BCD2-B6CE94919A51}.Debug|Any CPU.ActiveCfg = Debug|x64
		{2F6D1CDA-7815-410D-BCD2-B6CE94919A51}.Debug|Any CPU.Build.0 = Debug|x64
		{2F6D1CDA-7815-410D-BCD2-B6CE94919A51}.Debug|x64.ActiveCfg = Debug|x64
		{2F6D1CDA-7815-410D-BCD2-B6CE94919A51}.Debug|x64.Build.0 = Debug|x64
		{2F6D1CDA-7815-410D-BCD2-B6CE94919A51}.Debug|x86.ActiveCfg = Debug|Win32
		{2F6D1CDA-7815-410D-BCD2-B6CE94919A51}.Debug|x86.Build.0 = Debug|Win32
		{2F6D1CDA-7815-410D-BCD2-B6CE94919A51}.Release|Any CPU.ActiveCfg = Release|x64
		{2F6D1CDA-7815-410D-BCD2-B6CE94919A51}.Release|Any CPU.Build.0 = Release|x64
		{2F6D1CDA-7815-410D-BCD2-B6CE94919A51}.Release|x64.ActiveCfg = Release|x64
		{2F6D1CDA-7815-410D-BCD2-B6CE94919A51}.Release|x64.Build.0 = Release|x64
		{2F6D1CDA-7815-410D-BCD2-B6CE94919A51}.Release|x86.ActiveCfg = Release|Win32
		{2F6D1CDA-7815-410D-BCD2-B6CE94919A51}.Release|x86.Build.0 = Release|Win32
		{0C6F4DEF-71BF-4441-AC31-E9591880C492}.Debug|Any CPU.ActiveCfg = Debug|x64
		{0C6F4DEF-71BF-4441-AC31-E9591880C492}.Debug|Any CPU.Build.0 = Debug|x64
		{0C6F4DEF-71BF-4441-AC31-E9591880C492}.Debug|x64.ActiveCfg = Debug|x64
		{0C6F4DEF-71BF-4441-AC31-E9591880C492}.Debug|x64.Build.0 = Debug|x64
		{0C6F4DEF-71BF-4441-AC31-E9591880C492}.Debug|x86.ActiveCfg = Debug|Win32
		{0C6F4DEF-71BF-4441-AC31-E9591880C492}.Debug|x86.Build.0 = Debug|Win32
		{0C6F4DEF-71BF-4441-AC31-E9591880C492}.Release|Any CPU.ActiveCfg = Release|x64
		{0C6F4DEF-71BF-4441-AC31-E9591880C492}.Release|Any CPU.Build.0 = Release|x64
		{0C6F4DEF-71BF-4441-AC31-E9591880C492}.Release|x64.ActiveCfg = Release|x64
		{0C6F4DEF-71BF-4441-AC31-E9591880C492}.Release|x64.Build.0 = Release|x64
		{0C6F4DEF-71BF-4441-AC31-E9591880C492}.Release|x86.ActiveCfg = Release|Win32
		{0C6F4DEF-71BF-4441-AC31-E9591880C492}.Release|x86.Build.0 = Release|Win32
		{A173A88A-4699-4F13-9B25-C9903412DACE}.Debug|Any CPU.ActiveCfg = Debug|x64
		{A173A88A-4699-4F13-9B25-C9903412DACE}.Debug|Any CPU.Build.0 = Debug|x64
		{A173A88A-4699-4F13-9B25-C9903412DACE}.Debug|x64.ActiveCfg = Debug|x64
		{A173A88A-4699-4F13-9B25-C9903412DACE}.Debug|x64.Build.0 = Debug|x64
		{A173A88A-4699-4F13-9B25-C9903412DACE}.Debug|x86.ActiveCfg = Debug|Win32
		{A173A88A-4699-4F13-9B25-C9903412DACE}.Debug|x86.Build.0 = Debug|Win32
		{A173A88A-4699-4F13-9B25-C9903412DACE}.Release|Any CPU.ActiveCfg = Release|x64
		{A173A88A-4699-4F13-9B25-C9903412DACE}.Release|Any CPU.Build.0 = Release|x64
		{A173A88A-4699-4F13-9B25-C9903412DACE}.Release|x64.ActiveCfg = Release|x64
		{A173A88A-4699-4F13-9B25-C9903412DACE}.Release|x64.Build.0 = Release|x64
		{A173A88A-4699-4F13-9B25-C9903412DACE}.Release|x86.ActiveCfg = Release|Win32
		{A173A88A-4699-4F13-9B25-C9903412DACE}.Release|x86.Build.0 = Release|Win32
		{9344E82E-7F5B-40A6-8FC0-4344FE144BE7}.Debug|Any CPU.ActiveCfg = Debug|x64
		{9344E82E-7F5B-40A6-8FC0-4344FE144BE7}.Debug|Any CPU.Build.0 = Debug|x64
		{9344E82E-7F5B-40A6-8FC0-4344FE144BE7}.Debug|x64.ActiveCfg = Debug|x64
		{9344E82E-7F5B-40A6-8FC0-4344FE144BE7}.Debug|x64.Build.0 = Debug|x64
		{9344E82E-7F5B-40A6-8FC0-4344FE144BE7}.Debug|x86.ActiveCfg = Debug|Win32
		{9344E82E-7F5B-40A6-8FC0-4344FE144BE7}.Debug|x86.Build.0 = Debug|Win32
		{9344E82E-7F5B-40A6-8FC0-4344FE144BE7}.Release|Any CPU.ActiveCfg = Release|x64
		{9344E82E-7F5B-40A6-8FC0-4344FE144BE7}.Release|Any CPU.Build.0 = Release|x64
		{9344E82E-7F5B-40A6-8FC0-4344FE144BE7}.Release|x64.ActiveCfg = Release|x64
		{9344E82E-7F5B-40A6-8FC0-4344FE144BE7}.Release|x64.Build.0 = Release|x64
		{9344E82E-7F5B-40A6-8FC0-4344FE144BE7}.Release|x86.ActiveCfg = Release|Win32
		{9344E82E-7F5B-40A6-8FC0-4344FE144BE7}.Release|x86.Build.0 = Release|Win32
		{B8DE4803-AE87-4768-BEB3-1722722ACD69}.Debug|Any CPU.ActiveCfg = Debug|x64
		{B8DE4803-AE87-4768-BEB3-1722722ACD69}.Debug|Any CPU.Build.0 = Debug|x64
		{B8DE4803-AE87-4768-BEB3-1722722ACD69}.Debug|x64.ActiveCfg = Debug|x64
		{B8DE4803-AE87-4768-BEB3-1722722ACD69}.Debug|x64.Build.0 = Debug|x64
		{B8DE4803-AE87-4768-BEB3-1722722ACD69}.Debug|x86.ActiveCfg = Debug|Win32
		{B8DE4803-AE87-4768-BEB3-1722722ACD69}.Debug|x86.Build.0 = Debug|Win32
		{B8DE4803-AE87-4768-BEB3-1722722ACD69}.Release|Any CPU.ActiveCfg = Release|x64
		{B8DE4803-AE87-4768-BEB3-1722722ACD69}.Release|Any CPU.Build.0 = Release|x64
		{B8DE4803-AE87-4768-BEB3-1722722ACD69}.Release|x64.ActiveCfg = Release|x64
		{B8DE4803-AE87-4768-BEB3-1722722ACD69}.Release|x64.Build.0 = Release|x64
		{B8DE4803-AE87-4768-BEB3-1722722ACD69}.Release|x86.ActiveCfg = Release|Win32
		{B8DE4803-AE87-4768-BEB3-1722722ACD69}.Release|x86.Build.0 = Release|Win32
		{8883E849-3926-4A8D-A770-A571BB3EDFB3}.Debug|Any CPU.ActiveCfg = Debug|x64
		{8883E849-3926-4A8D-A770-A571BB3EDFB3}.Debug|Any CPU.Build.0 = Debug|x64
		{8883E849-3926-4A8D-A770-A571BB3EDFB3}.Debug|x64.ActiveCfg = Debug|x64
		{8883E849-3926-4A8D-A770-A571BB3EDFB3}.Debug|x64.Build.0 = Debug|x64
		{8883E849-3926-4A8D-A770-A571BB3EDFB3}.Debug|x86.ActiveCfg = Debug|Win32
		{8883E849-3926-4A8D-A770-A571BB3EDFB3}.Debug|x86.Build.0 = Debug|Win32
		{8883E849-3926-4A8D-A770-A571BB3EDFB3}.Release|Any CPU.ActiveCfg = Release|x64
		{8883E849-3926-4A8D-A770-A571BB3EDFB3}.Release|Any CPU.Build.0 = Release|x64
		{8883E849-3926-4A8D-A770-A571BB3EDFB3}.Release|x64.ActiveCfg = Release|x64
		{8883E849-3926-4A8D-A770-A571BB3EDFB3}.Release|x64.Build.0 = Release|x64
		{8883E849-3926-4A8D-A770-A571BB3EDFB3}.Release|x86.ActiveCfg = Release|Win32
		{8883E849-3926-4A8D-A770-A571BB3EDFB3}.Release|x86.Build.0 = Release|Win32
		{2687DB73-6ED5-4217-92E9-EE812F11BAB7}.Debug|Any CPU.ActiveCfg = Debug|x64
		{2687DB73-6ED5-4217-92E9-EE812F11BAB7}.Debug|Any CPU.Build.0 = Debug|x64
		{2687DB73-6ED5-4217-92E9-EE812F11BAB7}.Debug|x64.ActiveCfg = Debug|x64
		{2687DB73-6ED5-4217-92E9-EE812F11BAB7}.Debug|x64.Build.0 = Debug|x64
		{2687DB73-6ED5-4217-92E9-EE812F11BAB7}.Debug|x86.ActiveCfg = Debug|Win32
		{2687DB73-6ED5-4217-92E9-EE812F11BAB7}.Debug|x86.Build.0 = Debug|Win32
		{2687DB73-6ED5-4217-92E9-EE812F11BAB7}.Release|Any CPU.ActiveCfg = Release|x64
		{2687DB73-6ED5-4217-92E9-EE812F11BAB7}.Release|Any CPU.Build.0 = Release|x64
		{2687DB73-6ED5-4217-92E9-EE812F11BAB7}.Release|x64.ActiveCfg = Release|x64
		{2687DB73-6ED5-4217-92E9-EE812F11BAB7}.Release|x64.Build.0 = Release|x64
		{2687DB73-6ED5-4217-92E9-EE812F11BAB7}.Release|x86.ActiveCfg = Release|Win32
		{2687DB73-6ED5-4217-92E9-EE812F11BAB7}.Release|x86.Build.0 = Release|Win32
		{19A98B27-89E9-46C7-83F9-0EE26C50A660}.Debug|Any CPU.ActiveCfg = Debug|x64
		{19A98B27-89E9-46C7-83F9-0EE26C50A660}.Debug|Any CPU.Build.0 = Debug|x64
		{19A98B27-89E9-46C7-83F9-0EE26C50A660}.Debug|x64.ActiveCfg = Debug|x64
		{19A98B27-89E9-46C7-83F9-0EE26C50A660}.Debug|x64.Build.0 = Debug|x64
		{19A98B27-89E9-46C7-83F9-0EE26C50A660}.Debug|x86.ActiveCfg = Debug|Win32
		{19A98B27-89E9-46C7-83F9-0EE26C50A660}.Debug|x86.Build.0 = Debug|Win32
		{19A98B27-89E9-46C7-83F9-0EE26C50A660}.Release|Any CPU.ActiveCfg = Release|x64
		{19A98B27-89E9-46C7-83F9-0EE26C50A660}.Release|Any CPU.Build.0 = Release|x64
		{19A98B27-89E9-46C7-83F9-0EE26C50A660}.Release|x64.ActiveCfg = Release|x64
		{19A98B27-89E9-46C7-83F9-0EE26C50A660}.Release|x64.Build.0 = Release|x64
		{19A98B27-89E9-46C7-83F9-0EE26C50A660}.Release|x86.ActiveCfg = Release|Win32
		{19A98B27-89E9-46C7-83F9-0EE26C50A660}.Release|x86.Build.0 = Release|Win32
		{2C40369C-3950-4FAB-B5EE-74E1B12FAAB8}.Debug|Any CPU.ActiveCfg = Debug|x64
		{2C40369C-3950-4FAB-B5EE-74E1B12FAAB8}.Debug|Any CPU.Build.0 = Debug|x64
		{2C40369C-3950-4FAB-B5EE-74E1B12FAAB8}.Debug|x64.ActiveCfg = Debug|x64
		{2C40369C-3950-4FAB-B5EE-74E1B12FAAB8}.Debug|x64.Build.0 = Debug|x64
		{2C40369C-3950-4FAB-B5EE-74E1B12FAAB8}.Debug|x86.ActiveCfg = Debug|Win32
		{2C40369C-3950-4FAB-B5EE-74E1B12FAAB8}.Debug|x86.Build.0 = Debug|Win32
		{2C40369C-3950-4FAB-B5EE-74E1B12FAAB8}.Release|Any CPU.ActiveCfg = Release|x64
		{2C40369C-3950-4FAB-B5EE-74E1B12FAAB8}.Release|Any CPU.Build.0 = Release|x64
		{2C40369C-3950-4FAB-B5EE-74E1B12FAAB8}.Release|x64.ActiveCfg = Release|x64
		{2C40369C-3950-4FAB-B5EE-74E1B12FAAB8}.Release|x64.Build.0 = Release|x64
		{2C40369C-3950-4FAB-B5EE-74E1B12FAAB8}.Release|x86.ActiveCfg = Release|Win32
		{2C40369C-3950-4FAB-B5EE-74E1B12FAAB8}.Release|x86.Build.0 = Release|Win32
		{8ABBFF04-7D95-4593-A8A3-9E923363316B}.Debug|Any CPU.ActiveCfg = Debug|x64
		{8ABBFF04-7D95-4593-A8A3-9E923363316B}.Debug|Any CPU.Build.0 = Debug|x64
		{8ABBFF04-7D95-4593-A8A3-9E923363316B}.Debug|x64.ActiveCfg = Debug|x64
		{8ABBFF04-7D95-4593-A8A3-9E923363316B}.Debug|x64.Build.0 = Debug|x64
		{8ABBFF04-7D95-4593-A8A3-9E923363316B}.Debug|x86.ActiveCfg = Debug|Win32
		{8ABBFF04-7D95-4593-A8A3-9E923363316B}.Debug|x86.Build.0 = Debug|Win32
		{8ABBFF04-7D95-4593-A8A3-9E923363316B}.Release|Any CPU.ActiveCfg = Release|x64
		{8ABBFF04-7D95-4593-A8A3-9E923363316B}.Release|Any CPU.Build.0 = Release|x64
		{8ABBFF04-7D95-4593-A8A3-9E923363316B}.Release|x64.ActiveCfg = Release|x64
		{8ABBFF04-7D95-4593-A8A3-9E923363316B}.Release|x64.Build.0 = Release|x64
		{8ABBFF04-7D95-4593-A8A3-9E923363316B}.Release|x86.ActiveCfg = Release|Win32
		{8ABBFF04-7D95-4593-A8A3-9E923363316B}.Release|x86.Build.0 = Release|Win32
		{235BFC77-61A5-4F02-BB25-1BA7AEE92F70}.Debug|Any CPU.ActiveCfg = Debug|x64
		{235BFC77-61A5-4F02-BB25-1BA7AEE92F70}.Debug|Any CPU.Build.0 = Debug|x64
		{235BFC77-61A5-4F02-BB25-1BA7AEE92F70}.Debug|x64.ActiveCfg = Debug|x64
		{235BFC77-61A5-4F02-BB25-1BA7AEE92F70}.Debug|x64.Build.0 = Debug|x64
		{235BFC77-61A5-4F02-BB25-1BA7AEE92F70}.Debug|x86.ActiveCfg = Debug|Win32
		{235BFC77-61A5-4F02-BB25-1BA7AEE92F70}.Debug|x86.Build.0 = Debug|Win32
		{235BFC77-61A5-4F02-BB25-1BA7AEE92F70}.Release|Any CPU.ActiveCfg = Release|x64
		{235BFC77-61A5-4F02-BB25-1BA7AEE92F70}.Release|Any CPU.Build.0 = Release|x64
		{235BFC77-61A5-4F02-BB25-1BA7AEE92F70}.Release|x64.ActiveCfg = Release|x64
		{235BFC77-61A5-4F02-BB25-1BA7AEE92F70}.Release|x64.Build.0 = Release|x64
		{235BFC77-61A5-4F02-BB25-1BA7AEE92F70}.Release|x86.ActiveCfg = Release|Win32
		{235BFC77-61A5-4F02-BB25-1BA7AEE92F70}.Release|x86.Build.0 = Release|Win32
		{D2714278-80F1-4AC3-AEC5-5BBFA22E5AA3}.Debug|Any CPU.ActiveCfg = Debug|x64
		{D2714278-80F1-4AC3-AEC5-5BBFA22E5AA3}.Debug|Any CPU.Build.0 = Debug|x64
		{D2714278-80F1-4AC3-AEC5-5BBFA22E5AA3}.Debug|x64.ActiveCfg = Debug|x64
		{D2714278-80F1-4AC3-AEC5-5BBFA22E5AA3}.Debug|x64.Build.0 = Debug|x64
		{D2714278-80F1-4AC3-AEC5-5BBFA22E5AA3}.Debug|x86.ActiveCfg = Debug|Win32
		{D2714278-80F1-4AC3-AEC5-5BBFA22E5AA3}.Debug|x86.Build.0 = Debug|Win32
		{D2714278-80F1-4AC3-AEC5-5BBFA22E5AA3}.Release|Any CPU.ActiveCfg = Release|x64
		{D2714278-80F1-4AC3-AEC5-5BBFA22E5AA3}.Release|Any CPU.Build.0 = Release|x64
		{D2714278-80F1-4AC3-AEC5-5BBFA22E5AA3}.Release|x64.ActiveCfg = Release|x64
		{D2714278-80F1-4AC3-AEC5-5BBFA22E5AA3}.Release|x64.Build.0 = Release|x64
		{D2714278-80F1-4AC3-AEC5-5BBFA22E5AA3}.Release|x86.ActiveCfg = Release|Win32
		{D2714278-80F1-4AC3-AEC5-5BBFA22E5AA3}.Release|x86.Build.0 = Release|Win32
		{C3AEA2B1-6634-4840-BCDD-125872152488}.Debug|Any CPU.ActiveCfg = Debug|x64
		{C3AEA2B1-6634-4840-BCDD-125872152488}.Debug|Any CPU.Build.0 = Debug|x64
		{C3AEA2B1-6634-4840-BCDD-125872152488}.Debug|x64.ActiveCfg = Debug|x64
		{C3AEA2B1-6634-4840-BCDD-125872152488}.Debug|x64.Build.0 = Debug|x64
		{C3AEA2B1-6634-4840-BCDD-125872152488}.Debug|x86.ActiveCfg = Debug|Win32
		{C3AEA2B1-6634-4840-BCDD-125872152488}.Debug|x86.Build.0 = Debug|Win32
		{C3AEA2B1-6634-4840-BCDD-125872152488}.Release|Any CPU.ActiveCfg = Release|x64
		{C3AEA2B1-6634-4840-BCDD-125872152488}.Release|Any CPU.Build.0 = Release|x64
		{C3AEA2B1-6634-4840-BCDD-125872152488}.Release|x64.ActiveCfg = Release|x64
		{C3AEA2B1-6634-4840-BCDD-125872152488}.Release|x64.Build.0 = Release|x64
		{C3AEA2B1-6634-4840-BCDD-125872152488}.Release|x86.ActiveCfg = Release|Win32
		{C3AEA2B1-6634-4840-BCDD-125872152488}.Release|x86.Build.0 = Release|Win32
	EndGlobalSection
	GlobalSection(SolutionProperties) = preSolution
		HideSolutionNode = FALSE
	EndGlobalSection
	GlobalSection(ExtensibilityGlobals) = postSolution
		SolutionGuid = {A1E9B4DE-158E-449B-B8D6-B66C59635E5B}
	EndGlobalSection
EndGlobal
